
Microsoft Visual Studio Solution File, Format Version 12.00
# Visual Studio Version 17
VisualStudioVersion = 17.9.34728.123
MinimumVisualStudioVersion = 10.0.40219.1
Project("{FAE04EC0-301F-11D3-BF4B-00C04F79EFBC}") = "LanchesMac", "LanchesMac\LanchesMac.csproj", "{665111E4-2F56-4D1A-A126-BFD55EE58041}"
EndProject
Global
	GlobalSection(SolutionConfigurationPlatforms) = preSolution
		Debug|Any CPU = Debug|Any CPU
		Release|Any CPU = Release|Any CPU
	EndGlobalSection
	GlobalSection(ProjectConfigurationPlatforms) = postSolution
		{665111E4-2F56-4D1A-A126-BFD55EE58041}.Debug|Any CPU.ActiveCfg = Debug|Any CPU
		{665111E4-2F56-4D1A-A126-BFD55EE58041}.Debug|Any CPU.Build.0 = Debug|Any CPU
		{665111E4-2F56-4D1A-A126-BFD55EE58041}.Release|Any CPU.ActiveCfg = Release|Any CPU
		{665111E4-2F56-4D1A-A126-BFD55EE58041}.Release|Any CPU.Build.0 = Release|Any CPU
	EndGlobalSection
	GlobalSection(SolutionProperties) = preSolution
		HideSolutionNode = FALSE
	EndGlobalSection
	GlobalSection(ExtensibilityGlobals) = postSolution
		SolutionGuid = {A27F383B-5716-403F-9FBD-CD4709F56711}
	EndGlobalSection
EndGlobal
